# This file was autogenerated by Stack.
# You should not edit this file by hand.
# For more information, please see the documentation at:
#   https://docs.haskellstack.org/en/stable/lock_files

packages:
- completed:
    hackage: binary-instances-1@sha256:b17565598b8df3241f9b46fa8e3a3368ecc8e3f2eb175d7c28f319042a6f5c79,2613
    pantry-tree:
      size: 1035
      sha256: 938ffc6990cac12681c657f7afa93737eecf335e6f0212d8c0b7c1ea3e0f40f4
  original:
    hackage: binary-instances-1
- completed:
    hackage: fclabels-2.0.4@sha256:efcc20c6c903d0a59e36eb1cb547a7bbbbba93b6e20b84b06e919c350891beb2,4492
    pantry-tree:
      size: 1008
      sha256: fe94e9e910830409b0787058a1608846c210a7101f6cb8f6bfb529e7fb492f55
  original:
    hackage: fclabels-2.0.4
snapshots:
- completed:
    size: 532377
    url: https://raw.githubusercontent.com/commercialhaskell/stackage-snapshots/master/lts/16/12.yaml
    sha256: f914cfa23fef85bdf895e300a8234d9d0edc2dbec67f4bc9c53f85867c50eab6
  original: lts-16.12
